{
    "_meta": {
        "hash": {
            "sha256": "468b881af2aa8173b9c90d6cec0b537895890b2d4485e901a95b9e469de4d7e7"
        },
        "pipfile-spec": 6,
        "requires": {
            "python_version": "3.10"
        },
        "sources": [
            {
                "name": "pypi",
                "url": "https://pypi.org/simple",
                "verify_ssl": true
            }
        ]
    },
    "default": {
        "gunicorn": {
            "hashes": [
                "sha256:9dcc4547dbb1cb284accfb15ab5667a0e5d1881cc443e0677b4882a4067a807e",
                "sha256:e0a968b5ba15f8a328fdfd7ab1fcb5af4470c28aaf7e55df02a99bc13138e6e8"
            ],
            "index": "pypi",
            "version": "==20.1.0"
        },
        "setuptools": {
            "hashes": [
                "sha256:716f9d20b4c3513d1720245eb1dac009b40c9694c88e940e54b67b8b65d09493",
                "sha256:d181db00651bce5268b8f559795053d5e8f645e4dbafac6d262b22d7e72e19eb"
            ],
            "markers": "python_version >= '3.7'",
            "version": "==60.9.0"
        }
    },
    "develop": {}
}
